{
  "nodes": {
    "home-manager": {
      "inputs": {
        "nixpkgs": [
          "nixpkgs"
        ]
      },
      "locked": {
        "lastModified": 1759043321,
        "narHash": "sha256-Efi3THvsIS6Qd97s52/PSSHWybDlSbtUZXP8l3AR9Ps=",
        "owner": "nix-community",
        "repo": "home-manager",
        "rev": "c75fd8e300b79502b8eecdacd8a426b12fadb460",
        "type": "github"
      },
      "original": {
        "owner": "nix-community",
        "repo": "home-manager",
        "type": "github"
      }
    },
    "mobile-nixos": {
      "flake": false,
      "locked": {
        "lastModified": 1675397203,
        "narHash": "sha256-ooFkzSC1vg9VdC8iuT5LrUYCYWPAVaMTWSEJLsLpOeQ=",
        "owner": "puffnfresh",
        "repo": "mobile-nixos",
        "rev": "7445ee32e377961ac729b5be05a556a9d9458db6",
        "type": "github"
      },
      "original": {
        "owner": "puffnfresh",
        "ref": "hydra",
        "repo": "mobile-nixos",
        "type": "github"
      }
    },
    "nixpkgs": {
      "locked": {
        "lastModified": 1762691836,
        "narHash": "sha256-y2hXRFyhzUwv/xF5WLZajbQ/Dwheg/i0bCdPxNVkJtI=",
        "owner": "pythonpoet",
        "repo": "nixpkgs",
        "rev": "3c47f3d19896d8effa4c6f34d6d8519be72ef153",
        "type": "github"
      },
      "original": {
        "owner": "pythonpoet",
        "ref": "master",
        "repo": "nixpkgs",
        "type": "github"
      }
    },
    "root": {
      "inputs": {
        "home-manager": "home-manager",
        "mobile-nixos": "mobile-nixos",
        "nixpkgs": "nixpkgs"
      }
    }
  },
  "root": "root",
  "version": 7
}
